
Microsoft Visual Studio Solution File, Format Version 12.00
Project("{FAE04EC0-301F-11D3-BF4B-00C04F79EFBC}") = "RazorPagesAjaxAntiForgery", "RazorPagesAjaxAntiForgery.csproj", "{DE44005E-D026-4B29-88D7-7E4B83BFEC84}"
EndProject
Global
	GlobalSection(SolutionConfigurationPlatforms) = preSolution
		Debug|Any CPU = Debug|Any CPU
		Release|Any CPU = Release|Any CPU
	EndGlobalSection
	GlobalSection(ProjectConfigurationPlatforms) = postSolution
		{DE44005E-D026-4B29-88D7-7E4B83BFEC84}.Debug|Any CPU.ActiveCfg = Debug|Any CPU
		{DE44005E-D026-4B29-88D7-7E4B83BFEC84}.Debug|Any CPU.Build.0 = Debug|Any CPU
		{DE44005E-D026-4B29-88D7-7E4B83BFEC84}.Release|Any CPU.ActiveCfg = Release|Any CPU
		{DE44005E-D026-4B29-88D7-7E4B83BFEC84}.Release|Any CPU.Build.0 = Release|Any CPU
	EndGlobalSection
EndGlobal
